
Microsoft Visual Studio Solution File, Format Version 12.00
# Visual Studio Version 16
VisualStudioVersion = 16.0.30907.101
MinimumVisualStudioVersion = 10.0.40219.1
Project("{FAE04EC0-301F-11D3-BF4B-00C04F79EFBC}") = "ConsoleApp1", "ConsoleApp1\ConsoleApp1.csproj", "{ABE48629-92EC-4208-A61C-A3CB3C82D94A}"
EndProject
Global
	GlobalSection(SolutionConfigurationPlatforms) = preSolution
		Debug|Any CPU = Debug|Any CPU
		Release|Any CPU = Release|Any CPU
	EndGlobalSection
	GlobalSection(ProjectConfigurationPlatforms) = postSolution
		{ABE48629-92EC-4208-A61C-A3CB3C82D94A}.Debug|Any CPU.ActiveCfg = Debug|Any CPU
		{ABE48629-92EC-4208-A61C-A3CB3C82D94A}.Debug|Any CPU.Build.0 = Debug|Any CPU
		{ABE48629-92EC-4208-A61C-A3CB3C82D94A}.Release|Any CPU.ActiveCfg = Release|Any CPU
		{ABE48629-92EC-4208-A61C-A3CB3C82D94A}.Release|Any CPU.Build.0 = Release|Any CPU
	EndGlobalSection
	GlobalSection(SolutionProperties) = preSolution
		HideSolutionNode = FALSE
	EndGlobalSection
	GlobalSection(ExtensibilityGlobals) = postSolution
		SolutionGuid = {82CB920B-F8DE-49AE-B3F6-5A8A870A16DC}
	EndGlobalSection
EndGlobal
